
Microsoft Visual Studio Solution File, Format Version 12.00
# Visual Studio Version 16
VisualStudioVersion = 16.0.31424.327
MinimumVisualStudioVersion = 10.0.40219.1
Project("{FAE04EC0-301F-11D3-BF4B-00C04F79EFBC}") = "Ex1", "Ex1\Ex1.csproj", "{4AAB79D0-D559-4E62-A501-F77D7C2F7032}"
EndProject
Global
	GlobalSection(SolutionConfigurationPlatforms) = preSolution
		Debug|Any CPU = Debug|Any CPU
		Release|Any CPU = Release|Any CPU
	EndGlobalSection
	GlobalSection(ProjectConfigurationPlatforms) = postSolution
		{4AAB79D0-D559-4E62-A501-F77D7C2F7032}.Debug|Any CPU.ActiveCfg = Debug|Any CPU
		{4AAB79D0-D559-4E62-A501-F77D7C2F7032}.Debug|Any CPU.Build.0 = Debug|Any CPU
		{4AAB79D0-D559-4E62-A501-F77D7C2F7032}.Release|Any CPU.ActiveCfg = Release|Any CPU
		{4AAB79D0-D559-4E62-A501-F77D7C2F7032}.Release|Any CPU.Build.0 = Release|Any CPU
	EndGlobalSection
	GlobalSection(SolutionProperties) = preSolution
		HideSolutionNode = FALSE
	EndGlobalSection
	GlobalSection(ExtensibilityGlobals) = postSolution
		SolutionGuid = {665E0E40-133E-44F1-9321-F4142AE6FFD0}
	EndGlobalSection
EndGlobal
